
Microsoft Visual Studio Solution File, Format Version 12.00
# Visual Studio Version 17
VisualStudioVersion = 17.0.31903.59
MinimumVisualStudioVersion = 10.0.40219.1
Project("{FAE04EC0-301F-11D3-BF4B-00C04F79EFBC}") = "HotelRentalApi", "HotelRentalApi\HotelRentalApi.csproj", "{BE8EEDD7-AD71-44F0-87C3-00909AECE23A}"
EndProject
Project("{FAE04EC0-301F-11D3-BF4B-00C04F79EFBC}") = "HotelRentalApi.Authentication", "HotelRentalApi.Authentication\HotelRentalApi.Authentication.csproj", "{CA0FCCDD-DB47-4197-A377-C273C68DE2C2}"
EndProject
Project("{FAE04EC0-301F-11D3-BF4B-00C04F79EFBC}") = "HotelRentalApi.Authorization", "HotelRentalApi.Authorization\HotelRentalApi.Authorization.csproj", "{627217BA-5CFB-4282-98BF-C23F8076ECC2}"
EndProject
Project("{FAE04EC0-301F-11D3-BF4B-00C04F79EFBC}") = "HotelRentalApi.Abstractions", "HotelRentalApi.Abstractions\HotelRentalApi.Abstractions.csproj", "{0BFB12F3-29D4-4043-B00B-E73FC47674CB}"
EndProject
Project("{FAE04EC0-301F-11D3-BF4B-00C04F79EFBC}") = "HotelRentalApi.BusinessLayer", "HotelRentalApi.BusinessLayer\HotelRentalApi.BusinessLayer.csproj", "{4369BB83-0CB2-40F6-88D2-280C96BE3F2F}"
EndProject
Project("{FAE04EC0-301F-11D3-BF4B-00C04F79EFBC}") = "HotelRentalApi.Contracts", "HotelRentalApi.Contracts\HotelRentalApi.Contracts.csproj", "{EC1204F3-3E91-408B-9C63-4928C0B10FD3}"
EndProject
Project("{FAE04EC0-301F-11D3-BF4B-00C04F79EFBC}") = "HotelRentalApi.DataAccessLayer", "HotelRentalApi.DataAccessLayer\HotelRentalApi.DataAccessLayer.csproj", "{923286C6-460E-46B5-8FEE-F732B7C682FD}"
EndProject
Project("{FAE04EC0-301F-11D3-BF4B-00C04F79EFBC}") = "HotelRentalApi.Shared", "HotelRentalApi.Shared\HotelRentalApi.Shared.csproj", "{EB8DAC82-B104-4B7E-8EAC-D163C4881750}"
EndProject
Project("{FAE04EC0-301F-11D3-BF4B-00C04F79EFBC}") = "HotelRentalApi.StorageProvider", "HotelRentalApi.StorageProvider\HotelRentalApi.StorageProvider.csproj", "{C0968B60-154A-4989-A398-5631A3AB562A}"
EndProject
Project("{FAE04EC0-301F-11D3-BF4B-00C04F79EFBC}") = "HotelRentalApi.Logging", "HotelRentalApi.Logging\HotelRentalApi.Logging.csproj", "{BA437CE2-BBD5-45A6-92AB-E8960FBECAD4}"
EndProject
Project("{FAE04EC0-301F-11D3-BF4B-00C04F79EFBC}") = "HotelRentalApi.Security", "HotelRentalApi.Security\HotelRentalApi.Security.csproj", "{F5442A0E-3694-4C6C-910E-F4DBA38942CB}"
EndProject
Project("{00D1A9C2-B5F0-4AF3-8072-F6C62B433612}") = "HotelRentalApi.Database", "HotelRentalApi.Database\HotelRentalApi.Database.sqlproj", "{A53C5DAE-8EFF-41CF-A85B-E35F8DF3B020}"
EndProject
Global
	GlobalSection(SolutionConfigurationPlatforms) = preSolution
		Debug|Any CPU = Debug|Any CPU
		Release|Any CPU = Release|Any CPU
	EndGlobalSection
	GlobalSection(ProjectConfigurationPlatforms) = postSolution
		{BE8EEDD7-AD71-44F0-87C3-00909AECE23A}.Debug|Any CPU.ActiveCfg = Debug|Any CPU
		{BE8EEDD7-AD71-44F0-87C3-00909AECE23A}.Debug|Any CPU.Build.0 = Debug|Any CPU
		{BE8EEDD7-AD71-44F0-87C3-00909AECE23A}.Release|Any CPU.ActiveCfg = Release|Any CPU
		{BE8EEDD7-AD71-44F0-87C3-00909AECE23A}.Release|Any CPU.Build.0 = Release|Any CPU
		{CA0FCCDD-DB47-4197-A377-C273C68DE2C2}.Debug|Any CPU.ActiveCfg = Debug|Any CPU
		{CA0FCCDD-DB47-4197-A377-C273C68DE2C2}.Debug|Any CPU.Build.0 = Debug|Any CPU
		{CA0FCCDD-DB47-4197-A377-C273C68DE2C2}.Release|Any CPU.ActiveCfg = Release|Any CPU
		{CA0FCCDD-DB47-4197-A377-C273C68DE2C2}.Release|Any CPU.Build.0 = Release|Any CPU
		{627217BA-5CFB-4282-98BF-C23F8076ECC2}.Debug|Any CPU.ActiveCfg = Debug|Any CPU
		{627217BA-5CFB-4282-98BF-C23F8076ECC2}.Debug|Any CPU.Build.0 = Debug|Any CPU
		{627217BA-5CFB-4282-98BF-C23F8076ECC2}.Release|Any CPU.ActiveCfg = Release|Any CPU
		{627217BA-5CFB-4282-98BF-C23F8076ECC2}.Release|Any CPU.Build.0 = Release|Any CPU
		{0BFB12F3-29D4-4043-B00B-E73FC47674CB}.Debug|Any CPU.ActiveCfg = Debug|Any CPU
		{0BFB12F3-29D4-4043-B00B-E73FC47674CB}.Debug|Any CPU.Build.0 = Debug|Any CPU
		{0BFB12F3-29D4-4043-B00B-E73FC47674CB}.Release|Any CPU.ActiveCfg = Release|Any CPU
		{0BFB12F3-29D4-4043-B00B-E73FC47674CB}.Release|Any CPU.Build.0 = Release|Any CPU
		{4369BB83-0CB2-40F6-88D2-280C96BE3F2F}.Debug|Any CPU.ActiveCfg = Debug|Any CPU
		{4369BB83-0CB2-40F6-88D2-280C96BE3F2F}.Debug|Any CPU.Build.0 = Debug|Any CPU
		{4369BB83-0CB2-40F6-88D2-280C96BE3F2F}.Release|Any CPU.ActiveCfg = Release|Any CPU
		{4369BB83-0CB2-40F6-88D2-280C96BE3F2F}.Release|Any CPU.Build.0 = Release|Any CPU
		{EC1204F3-3E91-408B-9C63-4928C0B10FD3}.Debug|Any CPU.ActiveCfg = Debug|Any CPU
		{EC1204F3-3E91-408B-9C63-4928C0B10FD3}.Debug|Any CPU.Build.0 = Debug|Any CPU
		{EC1204F3-3E91-408B-9C63-4928C0B10FD3}.Release|Any CPU.ActiveCfg = Release|Any CPU
		{EC1204F3-3E91-408B-9C63-4928C0B10FD3}.Release|Any CPU.Build.0 = Release|Any CPU
		{923286C6-460E-46B5-8FEE-F732B7C682FD}.Debug|Any CPU.ActiveCfg = Debug|Any CPU
		{923286C6-460E-46B5-8FEE-F732B7C682FD}.Debug|Any CPU.Build.0 = Debug|Any CPU
		{923286C6-460E-46B5-8FEE-F732B7C682FD}.Release|Any CPU.ActiveCfg = Release|Any CPU
		{923286C6-460E-46B5-8FEE-F732B7C682FD}.Release|Any CPU.Build.0 = Release|Any CPU
		{EB8DAC82-B104-4B7E-8EAC-D163C4881750}.Debug|Any CPU.ActiveCfg = Debug|Any CPU
		{EB8DAC82-B104-4B7E-8EAC-D163C4881750}.Debug|Any CPU.Build.0 = Debug|Any CPU
		{EB8DAC82-B104-4B7E-8EAC-D163C4881750}.Release|Any CPU.ActiveCfg = Release|Any CPU
		{EB8DAC82-B104-4B7E-8EAC-D163C4881750}.Release|Any CPU.Build.0 = Release|Any CPU
		{C0968B60-154A-4989-A398-5631A3AB562A}.Debug|Any CPU.ActiveCfg = Debug|Any CPU
		{C0968B60-154A-4989-A398-5631A3AB562A}.Debug|Any CPU.Build.0 = Debug|Any CPU
		{C0968B60-154A-4989-A398-5631A3AB562A}.Release|Any CPU.ActiveCfg = Release|Any CPU
		{C0968B60-154A-4989-A398-5631A3AB562A}.Release|Any CPU.Build.0 = Release|Any CPU
		{BA437CE2-BBD5-45A6-92AB-E8960FBECAD4}.Debug|Any CPU.ActiveCfg = Debug|Any CPU
		{BA437CE2-BBD5-45A6-92AB-E8960FBECAD4}.Debug|Any CPU.Build.0 = Debug|Any CPU
		{BA437CE2-BBD5-45A6-92AB-E8960FBECAD4}.Release|Any CPU.ActiveCfg = Release|Any CPU
		{BA437CE2-BBD5-45A6-92AB-E8960FBECAD4}.Release|Any CPU.Build.0 = Release|Any CPU
		{F5442A0E-3694-4C6C-910E-F4DBA38942CB}.Debug|Any CPU.ActiveCfg = Debug|Any CPU
		{F5442A0E-3694-4C6C-910E-F4DBA38942CB}.Debug|Any CPU.Build.0 = Debug|Any CPU
		{F5442A0E-3694-4C6C-910E-F4DBA38942CB}.Release|Any CPU.ActiveCfg = Release|Any CPU
		{F5442A0E-3694-4C6C-910E-F4DBA38942CB}.Release|Any CPU.Build.0 = Release|Any CPU
		{A53C5DAE-8EFF-41CF-A85B-E35F8DF3B020}.Debug|Any CPU.ActiveCfg = Debug|Any CPU
		{A53C5DAE-8EFF-41CF-A85B-E35F8DF3B020}.Debug|Any CPU.Build.0 = Debug|Any CPU
		{A53C5DAE-8EFF-41CF-A85B-E35F8DF3B020}.Debug|Any CPU.Deploy.0 = Debug|Any CPU
		{A53C5DAE-8EFF-41CF-A85B-E35F8DF3B020}.Release|Any CPU.ActiveCfg = Release|Any CPU
		{A53C5DAE-8EFF-41CF-A85B-E35F8DF3B020}.Release|Any CPU.Build.0 = Release|Any CPU
		{A53C5DAE-8EFF-41CF-A85B-E35F8DF3B020}.Release|Any CPU.Deploy.0 = Release|Any CPU
	EndGlobalSection
	GlobalSection(SolutionProperties) = preSolution
		HideSolutionNode = FALSE
	EndGlobalSection
	GlobalSection(ExtensibilityGlobals) = postSolution
		SolutionGuid = {B68D944E-D3C1-4E78-BC9A-53404EE2FA4E}
	EndGlobalSection
EndGlobal
